
Microsoft Visual Studio Solution File, Format Version 12.00
# Visual Studio Version 16
VisualStudioVersion = 16.0.29926.136
MinimumVisualStudioVersion = 10.0.40219.1
Project("{FAE04EC0-301F-11D3-BF4B-00C04F79EFBC}") = "ELIZAV2", "ELIZAV2\ELIZAV2.csproj", "{AF73D2EE-FF92-4191-9BC8-482ED2524EDD}"
EndProject
Global
	GlobalSection(SolutionConfigurationPlatforms) = preSolution
		Debug|Any CPU = Debug|Any CPU
		Release|Any CPU = Release|Any CPU
	EndGlobalSection
	GlobalSection(ProjectConfigurationPlatforms) = postSolution
		{AF73D2EE-FF92-4191-9BC8-482ED2524EDD}.Debug|Any CPU.ActiveCfg = Debug|Any CPU
		{AF73D2EE-FF92-4191-9BC8-482ED2524EDD}.Debug|Any CPU.Build.0 = Debug|Any CPU
		{AF73D2EE-FF92-4191-9BC8-482ED2524EDD}.Release|Any CPU.ActiveCfg = Release|Any CPU
		{AF73D2EE-FF92-4191-9BC8-482ED2524EDD}.Release|Any CPU.Build.0 = Release|Any CPU
	EndGlobalSection
	GlobalSection(SolutionProperties) = preSolution
		HideSolutionNode = FALSE
	EndGlobalSection
	GlobalSection(ExtensibilityGlobals) = postSolution
		SolutionGuid = {B7B682DC-9418-4063-98BA-C11A6887B1CA}
	EndGlobalSection
EndGlobal
